
Microsoft Visual Studio Solution File, Format Version 12.00
Project("{FAE04EC0-301F-11D3-BF4B-00C04F79EFBC}") = "APBDWebApp", "APBDWebApp\APBDWebApp.csproj", "{0D7BE111-02D9-4B63-8483-C1F369C0FA9F}"
EndProject
Global
	GlobalSection(SolutionConfigurationPlatforms) = preSolution
		Debug|Any CPU = Debug|Any CPU
		Release|Any CPU = Release|Any CPU
	EndGlobalSection
	GlobalSection(ProjectConfigurationPlatforms) = postSolution
		{0D7BE111-02D9-4B63-8483-C1F369C0FA9F}.Debug|Any CPU.ActiveCfg = Debug|Any CPU
		{0D7BE111-02D9-4B63-8483-C1F369C0FA9F}.Debug|Any CPU.Build.0 = Debug|Any CPU
		{0D7BE111-02D9-4B63-8483-C1F369C0FA9F}.Release|Any CPU.ActiveCfg = Release|Any CPU
		{0D7BE111-02D9-4B63-8483-C1F369C0FA9F}.Release|Any CPU.Build.0 = Release|Any CPU
	EndGlobalSection
EndGlobal
